{
  "name": "cursojs20230717b",
  "version": "1.0.0",
  "lockfileVersion": 3,
  "requires": true,
  "packages": {
    "": {
      "name": "cursojs20230717b",
      "version": "1.0.0",
      "license": "ISC",
      "dependencies": {
        "rutlib": "^1.0.3"
      }
    },
    "node_modules/rutlib": {
      "version": "1.0.3",
      "resolved": "https://registry.npmjs.org/rutlib/-/rutlib-1.0.3.tgz",
      "integrity": "sha512-MZiuSdXE0EPJG+zxVf4LpTVtSWTGKjJTafOGYpsKvypDi7GmnqGsl98AQ2Id44EW+CaUue+Hu+pYeHKbT0QQRA=="
    }
  }
}
